
Microsoft Visual Studio Solution File, Format Version 12.00
# Visual Studio 2012
Project("{8BC9CEB8-8B4A-11D0-8D11-00A0C91BC942}") = "socketCli", "socketCli\socketCli.vcxproj", "{6D459F3F-3413-4E17-9488-2AA97D69FFAF}"
EndProject
Global
	GlobalSection(SolutionConfigurationPlatforms) = preSolution
		Debug|Win32 = Debug|Win32
		Release|Win32 = Release|Win32
	EndGlobalSection
	GlobalSection(ProjectConfigurationPlatforms) = postSolution
		{6D459F3F-3413-4E17-9488-2AA97D69FFAF}.Debug|Win32.ActiveCfg = Debug|Win32
		{6D459F3F-3413-4E17-9488-2AA97D69FFAF}.Debug|Win32.Build.0 = Debug|Win32
		{6D459F3F-3413-4E17-9488-2AA97D69FFAF}.Release|Win32.ActiveCfg = Release|Win32
		{6D459F3F-3413-4E17-9488-2AA97D69FFAF}.Release|Win32.Build.0 = Release|Win32
	EndGlobalSection
	GlobalSection(SolutionProperties) = preSolution
		HideSolutionNode = FALSE
	EndGlobalSection
EndGlobal
